
Microsoft Visual Studio Solution File, Format Version 12.00
# Visual Studio Version 17
VisualStudioVersion = 17.3.32825.248
MinimumVisualStudioVersion = 10.0.40219.1
Project("{2150E333-8FDC-42A3-9474-1A3956D46DE8}") = "Api", "Api", "{B927AD35-1222-43F2-8F9A-762051150FA9}"
EndProject
Project("{2150E333-8FDC-42A3-9474-1A3956D46DE8}") = "Common", "Common", "{3F8B946A-1B5B-4232-94AC-C120AF9F363C}"
EndProject
Project("{2150E333-8FDC-42A3-9474-1A3956D46DE8}") = "Projections", "Projections", "{EEDA3016-5CB2-40C1-B58E-B6C5B446076C}"
EndProject
Project("{2150E333-8FDC-42A3-9474-1A3956D46DE8}") = "src", "src", "{DC78DC74-A93C-40BD-BA19-9C9E8F628DB1}"
EndProject
Project("{2150E333-8FDC-42A3-9474-1A3956D46DE8}") = "Core", "Core", "{FBF89539-3B0E-494C-AF19-64C9B26007CF}"
EndProject
Project("{2150E333-8FDC-42A3-9474-1A3956D46DE8}") = "Infrastructure", "Infrastructure", "{729D884C-8F16-49EE-B53D-4CA923BE3A1E}"
EndProject
Project("{FAE04EC0-301F-11D3-BF4B-00C04F79EFBC}") = "Discy.Common", "src\Common\Discy.Common\Discy.Common.csproj", "{C8B4B256-D9AF-4086-8C99-3C7EBA6B3D8D}"
EndProject
Project("{FAE04EC0-301F-11D3-BF4B-00C04F79EFBC}") = "Discy.Api.Domain", "src\Api\Core\Discy.Api.Domain\Discy.Api.Domain.csproj", "{0FACFD82-B739-4BCD-83CB-A163933F1B60}"
EndProject
Project("{FAE04EC0-301F-11D3-BF4B-00C04F79EFBC}") = "Discy.Api.Application", "src\Api\Core\Discy.Api.Application\Discy.Api.Application.csproj", "{59190FE9-1FB4-4D59-9F5A-A3FC958ED963}"
EndProject
Project("{FAE04EC0-301F-11D3-BF4B-00C04F79EFBC}") = "Discy.Insfrastructure.Persistence", "src\Api\Insfrastructure\Discy.Insfrastructure.Persistence\Discy.Insfrastructure.Persistence.csproj", "{FEE5642F-0C47-4271-90D7-A419CDA3B63D}"
EndProject
Project("{2150E333-8FDC-42A3-9474-1A3956D46DE8}") = "WebApi", "WebApi", "{BCAB0E32-55EA-47BD-ACF0-651015F4C8AF}"
EndProject
Project("{FAE04EC0-301F-11D3-BF4B-00C04F79EFBC}") = "Discy.Api.WebApi", "src\Api\WebApi\Discy.Api.WebApi\Discy.Api.WebApi.csproj", "{23880AEE-0460-493D-823F-B2397AC846B1}"
EndProject
Project("{FAE04EC0-301F-11D3-BF4B-00C04F79EFBC}") = "Discy.Projections.FavoriteService", "src\Projections\Discy.Projections.FavoriteService\Discy.Projections.FavoriteService.csproj", "{207F7AD2-4844-410E-955B-2998D4218642}"
EndProject
Project("{FAE04EC0-301F-11D3-BF4B-00C04F79EFBC}") = "Discy.Projections.UserService", "src\Projections\Discy.Projections.User\Discy.Projections.UserService.csproj", "{FE960032-3275-4E62-9B54-FF328977303E}"
EndProject
Project("{FAE04EC0-301F-11D3-BF4B-00C04F79EFBC}") = "Discy.Projections.VoteService", "src\Projections\Discy.Projections.VoteService\Discy.Projections.VoteService.csproj", "{39DA6FF3-B75E-4D4F-B64E-EEE0ADE3BEF5}"
EndProject
Global
	GlobalSection(SolutionConfigurationPlatforms) = preSolution
		Debug|Any CPU = Debug|Any CPU
		Release|Any CPU = Release|Any CPU
	EndGlobalSection
	GlobalSection(ProjectConfigurationPlatforms) = postSolution
		{C8B4B256-D9AF-4086-8C99-3C7EBA6B3D8D}.Debug|Any CPU.ActiveCfg = Debug|Any CPU
		{C8B4B256-D9AF-4086-8C99-3C7EBA6B3D8D}.Debug|Any CPU.Build.0 = Debug|Any CPU
		{C8B4B256-D9AF-4086-8C99-3C7EBA6B3D8D}.Release|Any CPU.ActiveCfg = Release|Any CPU
		{C8B4B256-D9AF-4086-8C99-3C7EBA6B3D8D}.Release|Any CPU.Build.0 = Release|Any CPU
		{0FACFD82-B739-4BCD-83CB-A163933F1B60}.Debug|Any CPU.ActiveCfg = Debug|Any CPU
		{0FACFD82-B739-4BCD-83CB-A163933F1B60}.Debug|Any CPU.Build.0 = Debug|Any CPU
		{0FACFD82-B739-4BCD-83CB-A163933F1B60}.Release|Any CPU.ActiveCfg = Release|Any CPU
		{0FACFD82-B739-4BCD-83CB-A163933F1B60}.Release|Any CPU.Build.0 = Release|Any CPU
		{59190FE9-1FB4-4D59-9F5A-A3FC958ED963}.Debug|Any CPU.ActiveCfg = Debug|Any CPU
		{59190FE9-1FB4-4D59-9F5A-A3FC958ED963}.Debug|Any CPU.Build.0 = Debug|Any CPU
		{59190FE9-1FB4-4D59-9F5A-A3FC958ED963}.Release|Any CPU.ActiveCfg = Release|Any CPU
		{59190FE9-1FB4-4D59-9F5A-A3FC958ED963}.Release|Any CPU.Build.0 = Release|Any CPU
		{FEE5642F-0C47-4271-90D7-A419CDA3B63D}.Debug|Any CPU.ActiveCfg = Debug|Any CPU
		{FEE5642F-0C47-4271-90D7-A419CDA3B63D}.Debug|Any CPU.Build.0 = Debug|Any CPU
		{FEE5642F-0C47-4271-90D7-A419CDA3B63D}.Release|Any CPU.ActiveCfg = Release|Any CPU
		{FEE5642F-0C47-4271-90D7-A419CDA3B63D}.Release|Any CPU.Build.0 = Release|Any CPU
		{23880AEE-0460-493D-823F-B2397AC846B1}.Debug|Any CPU.ActiveCfg = Debug|Any CPU
		{23880AEE-0460-493D-823F-B2397AC846B1}.Debug|Any CPU.Build.0 = Debug|Any CPU
		{23880AEE-0460-493D-823F-B2397AC846B1}.Release|Any CPU.ActiveCfg = Release|Any CPU
		{23880AEE-0460-493D-823F-B2397AC846B1}.Release|Any CPU.Build.0 = Release|Any CPU
		{207F7AD2-4844-410E-955B-2998D4218642}.Debug|Any CPU.ActiveCfg = Debug|Any CPU
		{207F7AD2-4844-410E-955B-2998D4218642}.Debug|Any CPU.Build.0 = Debug|Any CPU
		{207F7AD2-4844-410E-955B-2998D4218642}.Release|Any CPU.ActiveCfg = Release|Any CPU
		{207F7AD2-4844-410E-955B-2998D4218642}.Release|Any CPU.Build.0 = Release|Any CPU
		{FE960032-3275-4E62-9B54-FF328977303E}.Debug|Any CPU.ActiveCfg = Debug|Any CPU
		{FE960032-3275-4E62-9B54-FF328977303E}.Debug|Any CPU.Build.0 = Debug|Any CPU
		{FE960032-3275-4E62-9B54-FF328977303E}.Release|Any CPU.ActiveCfg = Release|Any CPU
		{FE960032-3275-4E62-9B54-FF328977303E}.Release|Any CPU.Build.0 = Release|Any CPU
		{39DA6FF3-B75E-4D4F-B64E-EEE0ADE3BEF5}.Debug|Any CPU.ActiveCfg = Debug|Any CPU
		{39DA6FF3-B75E-4D4F-B64E-EEE0ADE3BEF5}.Debug|Any CPU.Build.0 = Debug|Any CPU
		{39DA6FF3-B75E-4D4F-B64E-EEE0ADE3BEF5}.Release|Any CPU.ActiveCfg = Release|Any CPU
		{39DA6FF3-B75E-4D4F-B64E-EEE0ADE3BEF5}.Release|Any CPU.Build.0 = Release|Any CPU
	EndGlobalSection
	GlobalSection(SolutionProperties) = preSolution
		HideSolutionNode = FALSE
	EndGlobalSection
	GlobalSection(NestedProjects) = preSolution
		{B927AD35-1222-43F2-8F9A-762051150FA9} = {DC78DC74-A93C-40BD-BA19-9C9E8F628DB1}
		{3F8B946A-1B5B-4232-94AC-C120AF9F363C} = {DC78DC74-A93C-40BD-BA19-9C9E8F628DB1}
		{EEDA3016-5CB2-40C1-B58E-B6C5B446076C} = {DC78DC74-A93C-40BD-BA19-9C9E8F628DB1}
		{FBF89539-3B0E-494C-AF19-64C9B26007CF} = {B927AD35-1222-43F2-8F9A-762051150FA9}
		{729D884C-8F16-49EE-B53D-4CA923BE3A1E} = {B927AD35-1222-43F2-8F9A-762051150FA9}
		{C8B4B256-D9AF-4086-8C99-3C7EBA6B3D8D} = {3F8B946A-1B5B-4232-94AC-C120AF9F363C}
		{0FACFD82-B739-4BCD-83CB-A163933F1B60} = {FBF89539-3B0E-494C-AF19-64C9B26007CF}
		{59190FE9-1FB4-4D59-9F5A-A3FC958ED963} = {FBF89539-3B0E-494C-AF19-64C9B26007CF}
		{FEE5642F-0C47-4271-90D7-A419CDA3B63D} = {729D884C-8F16-49EE-B53D-4CA923BE3A1E}
		{BCAB0E32-55EA-47BD-ACF0-651015F4C8AF} = {B927AD35-1222-43F2-8F9A-762051150FA9}
		{23880AEE-0460-493D-823F-B2397AC846B1} = {BCAB0E32-55EA-47BD-ACF0-651015F4C8AF}
		{207F7AD2-4844-410E-955B-2998D4218642} = {EEDA3016-5CB2-40C1-B58E-B6C5B446076C}
		{FE960032-3275-4E62-9B54-FF328977303E} = {EEDA3016-5CB2-40C1-B58E-B6C5B446076C}
		{39DA6FF3-B75E-4D4F-B64E-EEE0ADE3BEF5} = {EEDA3016-5CB2-40C1-B58E-B6C5B446076C}
	EndGlobalSection
	GlobalSection(ExtensibilityGlobals) = postSolution
		SolutionGuid = {00DBD34F-71B2-4424-A8F4-9F3A057EE01E}
	EndGlobalSection
EndGlobal
